
Microsoft Visual Studio Solution File, Format Version 12.00
# Visual Studio Version 17
VisualStudioVersion = 17.0.32014.148
MinimumVisualStudioVersion = 10.0.40219.1
Project("{E24C65DC-7377-472B-9ABA-BC803B73C61A}") = "NewWebSite2", ".", "{ADBBA96C-AF41-46C6-9E35-10BFE257671D}"
	ProjectSection(WebsiteProperties) = preProject
		TargetFrameworkMoniker = ".NETFramework,Version%3Dv4.7.2"
		Debug.AspNetCompiler.VirtualPath = "/localhost_4143"
		Debug.AspNetCompiler.PhysicalPath = "..\NewWebSite2\"
		Debug.AspNetCompiler.TargetPath = "PrecompiledWeb\localhost_4143\"
		Debug.AspNetCompiler.Updateable = "true"
		Debug.AspNetCompiler.ForceOverwrite = "true"
		Debug.AspNetCompiler.FixedNames = "false"
		Debug.AspNetCompiler.Debug = "True"
		Release.AspNetCompiler.VirtualPath = "/localhost_4143"
		Release.AspNetCompiler.PhysicalPath = "..\NewWebSite2\"
		Release.AspNetCompiler.TargetPath = "PrecompiledWeb\localhost_4143\"
		Release.AspNetCompiler.Updateable = "true"
		Release.AspNetCompiler.ForceOverwrite = "true"
		Release.AspNetCompiler.FixedNames = "false"
		Release.AspNetCompiler.Debug = "False"
		VWDPort = "4143"
		SlnRelativePath = "..\NewWebSite2\"
		DefaultWebSiteLanguage = "Visual C#"
	EndProjectSection
EndProject
Global
	GlobalSection(SolutionConfigurationPlatforms) = preSolution
		Debug|Any CPU = Debug|Any CPU
	EndGlobalSection
	GlobalSection(ProjectConfigurationPlatforms) = postSolution
		{ADBBA96C-AF41-46C6-9E35-10BFE257671D}.Debug|Any CPU.ActiveCfg = Debug|Any CPU
		{ADBBA96C-AF41-46C6-9E35-10BFE257671D}.Debug|Any CPU.Build.0 = Debug|Any CPU
	EndGlobalSection
	GlobalSection(SolutionProperties) = preSolution
		HideSolutionNode = FALSE
	EndGlobalSection
	GlobalSection(ExtensibilityGlobals) = postSolution
		SolutionGuid = {9957024A-240E-4781-A220-8317BEBDDB53}
	EndGlobalSection
EndGlobal
